// !$*UTF8*$!
{
	archiveVersion = 1;
	classes = {
	};
	objectVersion = 77;
	objects = {

/* Begin PBXContainerItemProxy section */
		F51F47282FE1499400760D95 /* PBXContainerItemProxy */ = {
			isa = PBXContainerItemProxy;
			containerPortal = F51F47092FE1499000760D95 /* Project object */;
			proxyType = 1;
			remoteGlobalIDString = F51F47102FE1499000760D95;
			remoteInfo = UniversitiesBrowserApp;
		};
		F51F47322FE1499500760D95 /* PBXContainerItemProxy */ = {
			isa = PBXContainerItemProxy;
			containerPortal = F51F47092FE1499000760D95 /* Project object */;
			proxyType = 1;
			remoteGlobalIDString = F51F47102FE1499000760D95;
			remoteInfo = UniversitiesBrowserApp;
		};
/* End PBXContainerItemProxy section */

/* Begin PBXFileReference section */
		F51F47112FE1499000760D95 /* UniversitiesBrowserApp.app */ = {isa = PBXFileReference; explicitFileType = wrapper.application; includeInIndex = 0; path = UniversitiesBrowserApp.app; sourceTree = BUILT_PRODUCTS_DIR; };
		F51F47272FE1499400760D95 /* UniversitiesBrowserAppTests.xctest */ = {isa = PBXFileReference; explicitFileType = wrapper.cfbundle; includeInIndex = 0; path = UniversitiesBrowserAppTests.xctest; sourceTree = BUILT_PRODUCTS_DIR; };
		F51F47312FE1499500760D95 /* UniversitiesBrowserAppUITests.xctest */ = {isa = PBXFileReference; explicitFileType = wrapper.cfbundle; includeInIndex = 0; path = UniversitiesBrowserAppUITests.xctest; sourceTree = BUILT_PRODUCTS_DIR; };
/* End PBXFileReference section */

/* Begin PBXFileSystemSynchronizedBuildFileExceptionSet section */
		F51F47392FE1499500760D95 /* Exceptions for "UniversitiesBrowserApp" folder in "UniversitiesBrowserApp" target */ = {
			isa = PBXFileSystemSynchronizedBuildFileExceptionSet;
			membershipExceptions = (
				Info.plist,
			);
			target = F51F47102FE1499000760D95 /* UniversitiesBrowserApp */;
		};
/* End PBXFileSystemSynchronizedBuildFileExceptionSet section */

/* Begin PBXFileSystemSynchronizedRootGroup section */
		F51F47132FE1499000760D95 /* UniversitiesBrowserApp */ = {
			isa = PBXFileSystemSynchronizedRootGroup;
			exceptions = (
				F51F47392FE1499500760D95 /* Exceptions for "UniversitiesBrowserApp" folder in "UniversitiesBrowserApp" target */,
			);
			path = UniversitiesBrowserApp;
			sourceTree = "<group>";
		};
		F51F472A2FE1499400760D95 /* UniversitiesBrowserAppTests */ = {
			isa = PBXFileSystemSynchronizedRootGroup;
			path = UniversitiesBrowserAppTests;
			sourceTree = "<group>";
		};
		F51F47342FE1499500760D95 /* UniversitiesBrowserAppUITests */ = {
			isa = PBXFileSystemSynchronizedRootGroup;
			path = UniversitiesBrowserAppUITests;
			sourceTree = "<group>";
		};
/* End PBXFileSystemSynchronizedRootGroup section */

/* Begin PBXFrameworksBuildPhase section */
		F51F470E2FE1499000760D95 /* Frameworks */ = {
			isa = PBXFrameworksBuildPhase;
			buildActionMask = 2147483647;
			files = (
			);
			runOnlyForDeploymentPostprocessing = 0;
		};
		F51F47242FE1499400760D95 /* Frameworks */ = {
			isa = PBXFrameworksBuildPhase;
			buildActionMask = 2147483647;
			files = (
			);
			runOnlyForDeploymentPostprocessing = 0;
		};
		F51F472E2FE1499500760D95 /* Frameworks */ = {
			isa = PBXFrameworksBuildPhase;
			buildActionMask = 2147483647;
			files = (
			);
			runOnlyForDeploymentPostprocessing = 0;
		};
/* End PBXFrameworksBuildPhase section */

/* Begin PBXGroup section */
		F51F47082FE1499000760D95 = {
			isa = PBXGroup;
			children = (
				F51F47132FE1499000760D95 /* UniversitiesBrowserApp */,
				F51F472A2FE1499400760D95 /* UniversitiesBrowserAppTests */,
				F51F47342FE1499500760D95 /* UniversitiesBrowserAppUITests */,
				F51F47122FE1499000760D95 /* Products */,
			);
			sourceTree = "<group>";
		};
		F51F47122FE1499000760D95 /* Products */ = {
			isa = PBXGroup;
			children = (
				F51F47112FE1499000760D95 /* UniversitiesBrowserApp.app */,
				F51F47272FE1499400760D95 /* UniversitiesBrowserAppTests.xctest */,
				F51F47312FE1499500760D95 /* UniversitiesBrowserAppUITests.xctest */,
			);
			name = Products;
			sourceTree = "<group>";
		};
/* End PBXGroup section */

/* Begin PBXNativeTarget section */
		F51F47102FE1499000760D95 /* UniversitiesBrowserApp */ = {
			isa = PBXNativeTarget;
			buildConfigurationList = F51F473A2FE1499500760D95 /* Build configuration list for PBXNativeTarget "UniversitiesBrowserApp" */;
			buildPhases = (
				F51F470D2FE1499000760D95 /* Sources */,
				F51F470E2FE1499000760D95 /* Frameworks */,
				F51F470F2FE1499000760D95 /* Resources */,
			);
			buildRules = (
			);
			dependencies = (
			);
			fileSystemSynchronizedGroups = (
				F51F47132FE1499000760D95 /* UniversitiesBrowserApp */,
			);
			name = UniversitiesBrowserApp;
			packageProductDependencies = (
			);
			productName = UniversitiesBrowserApp;
			productReference = F51F47112FE1499000760D95 /* UniversitiesBrowserApp.app */;
			productType = "com.apple.product-type.application";
		};
		F51F47262FE1499400760D95 /* UniversitiesBrowserAppTests */ = {
			isa = PBXNativeTarget;
			buildConfigurationList = F51F473F2FE1499500760D95 /* Build configuration list for PBXNativeTarget "UniversitiesBrowserAppTests" */;
			buildPhases = (
				F51F47232FE1499400760D95 /* Sources */,
				F51F47242FE1499400760D95 /* Frameworks */,
				F51F47252FE1499400760D95 /* Resources */,
			);
			buildRules = (
			);
			dependencies = (
				F51F47292FE1499400760D95 /* PBXTargetDependency */,
			);
			fileSystemSynchronizedGroups = (
				F51F472A2FE1499400760D95 /* UniversitiesBrowserAppTests */,
			);
			name = UniversitiesBrowserAppTests;
			packageProductDependencies = (
			);
			productName = UniversitiesBrowserAppTests;
			productReference = F51F47272FE1499400760D95 /* UniversitiesBrowserAppTests.xctest */;
			productType = "com.apple.product-type.bundle.unit-test";
		};
		F51F47302FE1499500760D95 /* UniversitiesBrowserAppUITests */ = {
			isa = PBXNativeTarget;
			buildConfigurationList = F51F47422FE1499500760D95 /* Build configuration list for PBXNativeTarget "UniversitiesBrowserAppUITests" */;
			buildPhases = (
				F51F472D2FE1499500760D95 /* Sources */,
				F51F472E2FE1499500760D95 /* Frameworks */,
				F51F472F2FE1499500760D95 /* Resources */,
			);
			buildRules = (
			);
			dependencies = (
				F51F47332FE1499500760D95 /* PBXTargetDependency */,
			);
			fileSystemSynchronizedGroups = (
				F51F47342FE1499500760D95 /* UniversitiesBrowserAppUITests */,
			);
			name = UniversitiesBrowserAppUITests;
			packageProductDependencies = (
			);
			productName = UniversitiesBrowserAppUITests;
			productReference = F51F47312FE1499500760D95 /* UniversitiesBrowserAppUITests.xctest */;
			productType = "com.apple.product-type.bundle.ui-testing";
		};
/* End PBXNativeTarget section */

/* Begin PBXProject section */
		F51F47092FE1499000760D95 /* Project object */ = {
			isa = PBXProject;
			attributes = {
				BuildIndependentTargetsInParallel = 1;
				LastSwiftUpdateCheck = 2630;
				LastUpgradeCheck = 2630;
				TargetAttributes = {
					F51F47102FE1499000760D95 = {
						CreatedOnToolsVersion = 26.3;
					};
					F51F47262FE1499400760D95 = {
						CreatedOnToolsVersion = 26.3;
						TestTargetID = F51F47102FE1499000760D95;
					};
					F51F47302FE1499500760D95 = {
						CreatedOnToolsVersion = 26.3;
						TestTargetID = F51F47102FE1499000760D95;
					};
				};
			};
			buildConfigurationList = F51F470C2FE1499000760D95 /* Build configuration list for PBXProject "UniversitiesBrowserApp" */;
			developmentRegion = en;
			hasScannedForEncodings = 0;
			knownRegions = (
				en,
				Base,
			);
			mainGroup = F51F47082FE1499000760D95;
			minimizedProjectReferenceProxies = 1;
			preferredProjectObjectVersion = 77;
			productRefGroup = F51F47122FE1499000760D95 /* Products */;
			projectDirPath = "";
			projectRoot = "";
			targets = (
				F51F47102FE1499000760D95 /* UniversitiesBrowserApp */,
				F51F47262FE1499400760D95 /* UniversitiesBrowserAppTests */,
				F51F47302FE1499500760D95 /* UniversitiesBrowserAppUITests */,
			);
		};
/* End PBXProject section */

/* Begin PBXResourcesBuildPhase section */
		F51F470F2FE1499000760D95 /* Resources */ = {
			isa = PBXResourcesBuildPhase;
			buildActionMask = 2147483647;
			files = (
			);
			runOnlyForDeploymentPostprocessing = 0;
		};
		F51F47252FE1499400760D95 /* Resources */ = {
			isa = PBXResourcesBuildPhase;
			buildActionMask = 2147483647;
			files = (
			);
			runOnlyForDeploymentPostprocessing = 0;
		};
		F51F472F2FE1499500760D95 /* Resources */ = {
			isa = PBXResourcesBuildPhase;
			buildActionMask = 2147483647;
			files = (
			);
			runOnlyForDeploymentPostprocessing = 0;
		};
/* End PBXResourcesBuildPhase section */

/* Begin PBXSourcesBuildPhase section */
		F51F470D2FE1499000760D95 /* Sources */ = {
			isa = PBXSourcesBuildPhase;
			buildActionMask = 2147483647;
			files = (
			);
			runOnlyForDeploymentPostprocessing = 0;
		};
		F51F47232FE1499400760D95 /* Sources */ = {
			isa = PBXSourcesBuildPhase;
			buildActionMask = 2147483647;
			files = (
			);
			runOnlyForDeploymentPostprocessing = 0;
		};
		F51F472D2FE1499500760D95 /* Sources */ = {
			isa = PBXSourcesBuildPhase;
			buildActionMask = 2147483647;
			files = (
			);
			runOnlyForDeploymentPostprocessing = 0;
		};
/* End PBXSourcesBuildPhase section */

/* Begin PBXTargetDependency section */
		F51F47292FE1499400760D95 /* PBXTargetDependency */ = {
			isa = PBXTargetDependency;
			target = F51F47102FE1499000760D95 /* UniversitiesBrowserApp */;
			targetProxy = F51F47282FE1499400760D95 /* PBXContainerItemProxy */;
		};
		F51F47332FE1499500760D95 /* PBXTargetDependency */ = {
			isa = PBXTargetDependency;
			target = F51F47102FE1499000760D95 /* UniversitiesBrowserApp */;
			targetProxy = F51F47322FE1499500760D95 /* PBXContainerItemProxy */;
		};
/* End PBXTargetDependency section */

/* Begin XCBuildConfiguration section */
		F51F473B2FE1499500760D95 /* Debug */ = {
			isa = XCBuildConfiguration;
			buildSettings = {
				ASSETCATALOG_COMPILER_APPICON_NAME = AppIcon;
				ASSETCATALOG_COMPILER_GLOBAL_ACCENT_COLOR_NAME = AccentColor;
				CODE_SIGN_STYLE = Automatic;
				CURRENT_PROJECT_VERSION = 1;
				DEVELOPMENT_TEAM = 6N6X7XQ723;
				GENERATE_INFOPLIST_FILE = YES;
				INFOPLIST_FILE = UniversitiesBrowserApp/Info.plist;
				INFOPLIST_KEY_UIApplicationSupportsIndirectInputEvents = YES;
				INFOPLIST_KEY_UILaunchStoryboardName = LaunchScreen;
				INFOPLIST_KEY_UIMainStoryboardFile = Main;
				INFOPLIST_KEY_UISupportedInterfaceOrientations_iPad = "UIInterfaceOrientationPortrait UIInterfaceOrientationPortraitUpsideDown UIInterfaceOrientationLandscapeLeft UIInterfaceOrientationLandscapeRight";
				INFOPLIST_KEY_UISupportedInterfaceOrientations_iPhone = "UIInterfaceOrientationPortrait UIInterfaceOrientationLandscapeLeft UIInterfaceOrientationLandscapeRight";
				LD_RUNPATH_SEARCH_PATHS = (
					"$(inherited)",
					"@executable_path/Frameworks",
				);
				MARKETING_VERSION = 1.0;
				PRODUCT_BUNDLE_IDENTIFIER = com.universities.browser.UniversitiesBrowserApp;
				PRODUCT_NAME = "$(TARGET_NAME)";
				STRING_CATALOG_GENERATE_SYMBOLS = YES;
				SWIFT_APPROACHABLE_CONCURRENCY = YES;
				SWIFT_DEFAULT_ACTOR_ISOLATION = MainActor;
				SWIFT_EMIT_LOC_STRINGS = YES;
				SWIFT_UPCOMING_FEATURE_MEMBER_IMPORT_VISIBILITY = YES;
				SWIFT_VERSION = 5.0;
				TARGETED_DEVICE_FAMILY = "1,2";
			};
			name = Debug;
		};
		F51F473C2FE1499500760D95 /* Release */ = {
			isa = XCBuildConfiguration;
			buildSettings = {
				ASSETCATALOG_COMPILER_APPICON_NAME = AppIcon;
				ASSETCATALOG_COMPILER_GLOBAL_ACCENT_COLOR_NAME = AccentColor;
				CODE_SIGN_STYLE = Automatic;
				CURRENT_PROJECT_VERSION = 1;
				DEVELOPMENT_TEAM = 6N6X7XQ723;
				GENERATE_INFOPLIST_FILE = YES;
				INFOPLIST_FILE = UniversitiesBrowserApp/Info.plist;
				INFOPLIST_KEY_UIApplicationSupportsIndirectInputEvents = YES;
				INFOPLIST_KEY_UILaunchStoryboardName = LaunchScreen;
				INFOPLIST_KEY_UIMainStoryboardFile = Main;
				INFOPLIST_KEY_UISupportedInterfaceOrientations_iPad = "UIInterfaceOrientationPortrait UIInterfaceOrientationPortraitUpsideDown UIInterfaceOrientationLandscapeLeft UIInterfaceOrientationLandscapeRight";
				INFOPLIST_KEY_UISupportedInterfaceOrientations_iPhone = "UIInterfaceOrientationPortrait UIInterfaceOrientationLandscapeLeft UIInterfaceOrientationLandscapeRight";
				LD_RUNPATH_SEARCH_PATHS = (
					"$(inherited)",
					"@executable_path/Frameworks",
				);
				MARKETING_VERSION = 1.0;
				PRODUCT_BUNDLE_IDENTIFIER = com.universities.browser.UniversitiesBrowserApp;
				PRODUCT_NAME = "$(TARGET_NAME)";
				STRING_CATALOG_GENERATE_SYMBOLS = YES;
				SWIFT_APPROACHABLE_CONCURRENCY = YES;
				SWIFT_DEFAULT_ACTOR_ISOLATION = MainActor;
				SWIFT_EMIT_LOC_STRINGS = YES;
				SWIFT_UPCOMING_FEATURE_MEMBER_IMPORT_VISIBILITY = YES;
				SWIFT_VERSION = 5.0;
				TARGETED_DEVICE_FAMILY = "1,2";
			};
			name = Release;
		};
		F51F473D2FE1499500760D95 /* Debug */ = {
			isa = XCBuildConfiguration;
			buildSettings = {
				ALWAYS_SEARCH_USER_PATHS = NO;
				ASSETCATALOG_COMPILER_GENERATE_SWIFT_ASSET_SYMBOL_EXTENSIONS = YES;
				CLANG_ANALYZER_NONNULL = YES;
				CLANG_ANALYZER_NUMBER_OBJECT_CONVERSION = YES_AGGRESSIVE;
				CLANG_CXX_LANGUAGE_STANDARD = "gnu++20";
				CLANG_ENABLE_MODULES = YES;
				CLANG_ENABLE_OBJC_ARC = YES;
				CLANG_ENABLE_OBJC_WEAK = YES;
				CLANG_WARN_BLOCK_CAPTURE_AUTORELEASING = YES;
				CLANG_WARN_BOOL_CONVERSION = YES;
				CLANG_WARN_COMMA = YES;
				CLANG_WARN_CONSTANT_CONVERSION = YES;
				CLANG_WARN_DEPRECATED_OBJC_IMPLEMENTATIONS = YES;
				CLANG_WARN_DIRECT_OBJC_ISA_USAGE = YES_ERROR;
				CLANG_WARN_DOCUMENTATION_COMMENTS = YES;
				CLANG_WARN_EMPTY_BODY = YES;
				CLANG_WARN_ENUM_CONVERSION = YES;
				CLANG_WARN_INFINITE_RECURSION = YES;
				CLANG_WARN_INT_CONVERSION = YES;
				CLANG_WARN_NON_LITERAL_NULL_CONVERSION = YES;
				CLANG_WARN_OBJC_IMPLICIT_RETAIN_SELF = YES;
				CLANG_WARN_OBJC_LITERAL_CONVERSION = YES;
				CLANG_WARN_OBJC_ROOT_CLASS = YES_ERROR;
				CLANG_WARN_QUOTED_INCLUDE_IN_FRAMEWORK_HEADER = YES;
				CLANG_WARN_RANGE_LOOP_ANALYSIS = YES;
				CLANG_WARN_STRICT_PROTOTYPES = YES;
				CLANG_WARN_SUSPICIOUS_MOVE = YES;
				CLANG_WARN_UNGUARDED_AVAILABILITY = YES_AGGRESSIVE;
				CLANG_WARN_UNREACHABLE_CODE = YES;
				CLANG_WARN__DUPLICATE_METHOD_MATCH = YES;
				COPY_PHASE_STRIP = NO;
				DEBUG_INFORMATION_FORMAT = dwarf;
				DEVELOPMENT_TEAM = 6N6X7XQ723;
				ENABLE_STRICT_OBJC_MSGSEND = YES;
				ENABLE_TESTABILITY = YES;
				ENABLE_USER_SCRIPT_SANDBOXING = YES;
				GCC_C_LANGUAGE_STANDARD = gnu17;
				GCC_DYNAMIC_NO_PIC = NO;
				GCC_NO_COMMON_BLOCKS = YES;
				GCC_OPTIMIZATION_LEVEL = 0;
				GCC_PREPROCESSOR_DEFINITIONS = (
					"DEBUG=1",
					"$(inherited)",
				);
				GCC_WARN_64_TO_32_BIT_CONVERSION = YES;
				GCC_WARN_ABOUT_RETURN_TYPE = YES_ERROR;
				GCC_WARN_UNDECLARED_SELECTOR = YES;
				GCC_WARN_UNINITIALIZED_AUTOS = YES_AGGRESSIVE;
				GCC_WARN_UNUSED_FUNCTION = YES;
				GCC_WARN_UNUSED_VARIABLE = YES;
				IPHONEOS_DEPLOYMENT_TARGET = 26.2;
				LOCALIZATION_PREFERS_STRING_CATALOGS = YES;
				MTL_ENABLE_DEBUG_INFO = INCLUDE_SOURCE;
				MTL_FAST_MATH = YES;
				ONLY_ACTIVE_ARCH = YES;
				SDKROOT = iphoneos;
				SWIFT_ACTIVE_COMPILATION_CONDITIONS = "DEBUG $(inherited)";
				SWIFT_OPTIMIZATION_LEVEL = "-Onone";
			};
			name = Debug;
		};
		F51F473E2FE1499500760D95 /* Release */ = {
			isa = XCBuildConfiguration;
			buildSettings = {
				ALWAYS_SEARCH_USER_PATHS = NO;
				ASSETCATALOG_COMPILER_GENERATE_SWIFT_ASSET_SYMBOL_EXTENSIONS = YES;
				CLANG_ANALYZER_NONNULL = YES;
				CLANG_ANALYZER_NUMBER_OBJECT_CONVERSION = YES_AGGRESSIVE;
				CLANG_CXX_LANGUAGE_STANDARD = "gnu++20";
				CLANG_ENABLE_MODULES = YES;
				CLANG_ENABLE_OBJC_ARC = YES;
				CLANG_ENABLE_OBJC_WEAK = YES;
				CLANG_WARN_BLOCK_CAPTURE_AUTORELEASING = YES;
				CLANG_WARN_BOOL_CONVERSION = YES;
				CLANG_WARN_COMMA = YES;
				CLANG_WARN_CONSTANT_CONVERSION = YES;
				CLANG_WARN_DEPRECATED_OBJC_IMPLEMENTATIONS = YES;
				CLANG_WARN_DIRECT_OBJC_ISA_USAGE = YES_ERROR;
				CLANG_WARN_DOCUMENTATION_COMMENTS = YES;
				CLANG_WARN_EMPTY_BODY = YES;
				CLANG_WARN_ENUM_CONVERSION = YES;
				CLANG_WARN_INFINITE_RECURSION = YES;
				CLANG_WARN_INT_CONVERSION = YES;
				CLANG_WARN_NON_LITERAL_NULL_CONVERSION = YES;
				CLANG_WARN_OBJC_IMPLICIT_RETAIN_SELF = YES;
				CLANG_WARN_OBJC_LITERAL_CONVERSION = YES;
				CLANG_WARN_OBJC_ROOT_CLASS = YES_ERROR;
				CLANG_WARN_QUOTED_INCLUDE_IN_FRAMEWORK_HEADER = YES;
				CLANG_WARN_RANGE_LOOP_ANALYSIS = YES;
				CLANG_WARN_STRICT_PROTOTYPES = YES;
				CLANG_WARN_SUSPICIOUS_MOVE = YES;
				CLANG_WARN_UNGUARDED_AVAILABILITY = YES_AGGRESSIVE;
				CLANG_WARN_UNREACHABLE_CODE = YES;
				CLANG_WARN__DUPLICATE_METHOD_MATCH = YES;
				COPY_PHASE_STRIP = NO;
				DEBUG_INFORMATION_FORMAT = "dwarf-with-dsym";
				DEVELOPMENT_TEAM = 6N6X7XQ723;
				ENABLE_NS_ASSERTIONS = NO;
				ENABLE_STRICT_OBJC_MSGSEND = YES;
				ENABLE_USER_SCRIPT_SANDBOXING = YES;
				GCC_C_LANGUAGE_STANDARD = gnu17;
				GCC_NO_COMMON_BLOCKS = YES;
				GCC_WARN_64_TO_32_BIT_CONVERSION = YES;
				GCC_WARN_ABOUT_RETURN_TYPE = YES_ERROR;
				GCC_WARN_UNDECLARED_SELECTOR = YES;
				GCC_WARN_UNINITIALIZED_AUTOS = YES_AGGRESSIVE;
				GCC_WARN_UNUSED_FUNCTION = YES;
				GCC_WARN_UNUSED_VARIABLE = YES;
				IPHONEOS_DEPLOYMENT_TARGET = 26.2;
				LOCALIZATION_PREFERS_STRING_CATALOGS = YES;
				MTL_ENABLE_DEBUG_INFO = NO;
				MTL_FAST_MATH = YES;
				SDKROOT = iphoneos;
				SWIFT_COMPILATION_MODE = wholemodule;
				VALIDATE_PRODUCT = YES;
			};
			name = Release;
		};
		F51F47402FE1499500760D95 /* Debug */ = {
			isa = XCBuildConfiguration;
			buildSettings = {
				BUNDLE_LOADER = "$(TEST_HOST)";
				CODE_SIGN_STYLE = Automatic;
				CURRENT_PROJECT_VERSION = 1;
				DEVELOPMENT_TEAM = 6N6X7XQ723;
				GENERATE_INFOPLIST_FILE = YES;
				IPHONEOS_DEPLOYMENT_TARGET = 26.2;
				MARKETING_VERSION = 1.0;
				PRODUCT_BUNDLE_IDENTIFIER = com.universities.browser.UniversitiesBrowserAppTests;
				PRODUCT_NAME = "$(TARGET_NAME)";
				STRING_CATALOG_GENERATE_SYMBOLS = NO;
				SWIFT_APPROACHABLE_CONCURRENCY = YES;
				SWIFT_EMIT_LOC_STRINGS = NO;
				SWIFT_UPCOMING_FEATURE_MEMBER_IMPORT_VISIBILITY = YES;
				SWIFT_VERSION = 5.0;
				TARGETED_DEVICE_FAMILY = "1,2";
				TEST_HOST = "$(BUILT_PRODUCTS_DIR)/UniversitiesBrowserApp.app/$(BUNDLE_EXECUTABLE_FOLDER_PATH)/UniversitiesBrowserApp";
			};
			name = Debug;
		};
		F51F47412FE1499500760D95 /* Release */ = {
			isa = XCBuildConfiguration;
			buildSettings = {
				BUNDLE_LOADER = "$(TEST_HOST)";
				CODE_SIGN_STYLE = Automatic;
				CURRENT_PROJECT_VERSION = 1;
				DEVELOPMENT_TEAM = 6N6X7XQ723;
				GENERATE_INFOPLIST_FILE = YES;
				IPHONEOS_DEPLOYMENT_TARGET = 26.2;
				MARKETING_VERSION = 1.0;
				PRODUCT_BUNDLE_IDENTIFIER = com.universities.browser.UniversitiesBrowserAppTests;
				PRODUCT_NAME = "$(TARGET_NAME)";
				STRING_CATALOG_GENERATE_SYMBOLS = NO;
				SWIFT_APPROACHABLE_CONCURRENCY = YES;
				SWIFT_EMIT_LOC_STRINGS = NO;
				SWIFT_UPCOMING_FEATURE_MEMBER_IMPORT_VISIBILITY = YES;
				SWIFT_VERSION = 5.0;
				TARGETED_DEVICE_FAMILY = "1,2";
				TEST_HOST = "$(BUILT_PRODUCTS_DIR)/UniversitiesBrowserApp.app/$(BUNDLE_EXECUTABLE_FOLDER_PATH)/UniversitiesBrowserApp";
			};
			name = Release;
		};
		F51F47432FE1499500760D95 /* Debug */ = {
			isa = XCBuildConfiguration;
			buildSettings = {
				CODE_SIGN_STYLE = Automatic;
				CURRENT_PROJECT_VERSION = 1;
				DEVELOPMENT_TEAM = 6N6X7XQ723;
				GENERATE_INFOPLIST_FILE = YES;
				MARKETING_VERSION = 1.0;
				PRODUCT_BUNDLE_IDENTIFIER = com.universities.browser.UniversitiesBrowserAppUITests;
				PRODUCT_NAME = "$(TARGET_NAME)";
				STRING_CATALOG_GENERATE_SYMBOLS = NO;
				SWIFT_APPROACHABLE_CONCURRENCY = YES;
				SWIFT_EMIT_LOC_STRINGS = NO;
				SWIFT_UPCOMING_FEATURE_MEMBER_IMPORT_VISIBILITY = YES;
				SWIFT_VERSION = 5.0;
				TARGETED_DEVICE_FAMILY = "1,2";
				TEST_TARGET_NAME = UniversitiesBrowserApp;
			};
			name = Debug;
		};
		F51F47442FE1499500760D95 /* Release */ = {
			isa = XCBuildConfiguration;
			buildSettings = {
				CODE_SIGN_STYLE = Automatic;
				CURRENT_PROJECT_VERSION = 1;
				DEVELOPMENT_TEAM = 6N6X7XQ723;
				GENERATE_INFOPLIST_FILE = YES;
				MARKETING_VERSION = 1.0;
				PRODUCT_BUNDLE_IDENTIFIER = com.universities.browser.UniversitiesBrowserAppUITests;
				PRODUCT_NAME = "$(TARGET_NAME)";
				STRING_CATALOG_GENERATE_SYMBOLS = NO;
				SWIFT_APPROACHABLE_CONCURRENCY = YES;
				SWIFT_EMIT_LOC_STRINGS = NO;
				SWIFT_UPCOMING_FEATURE_MEMBER_IMPORT_VISIBILITY = YES;
				SWIFT_VERSION = 5.0;
				TARGETED_DEVICE_FAMILY = "1,2";
				TEST_TARGET_NAME = UniversitiesBrowserApp;
			};
			name = Release;
		};
/* End XCBuildConfiguration section */

/* Begin XCConfigurationList section */
		F51F470C2FE1499000760D95 /* Build configuration list for PBXProject "UniversitiesBrowserApp" */ = {
			isa = XCConfigurationList;
			buildConfigurations = (
				F51F473D2FE1499500760D95 /* Debug */,
				F51F473E2FE1499500760D95 /* Release */,
			);
			defaultConfigurationIsVisible = 0;
			defaultConfigurationName = Release;
		};
		F51F473A2FE1499500760D95 /* Build configuration list for PBXNativeTarget "UniversitiesBrowserApp" */ = {
			isa = XCConfigurationList;
			buildConfigurations = (
				F51F473B2FE1499500760D95 /* Debug */,
				F51F473C2FE1499500760D95 /* Release */,
			);
			defaultConfigurationIsVisible = 0;
			defaultConfigurationName = Release;
		};
		F51F473F2FE1499500760D95 /* Build configuration list for PBXNativeTarget "UniversitiesBrowserAppTests" */ = {
			isa = XCConfigurationList;
			buildConfigurations = (
				F51F47402FE1499500760D95 /* Debug */,
				F51F47412FE1499500760D95 /* Release */,
			);
			defaultConfigurationIsVisible = 0;
			defaultConfigurationName = Release;
		};
		F51F47422FE1499500760D95 /* Build configuration list for PBXNativeTarget "UniversitiesBrowserAppUITests" */ = {
			isa = XCConfigurationList;
			buildConfigurations = (
				F51F47432FE1499500760D95 /* Debug */,
				F51F47442FE1499500760D95 /* Release */,
			);
			defaultConfigurationIsVisible = 0;
			defaultConfigurationName = Release;
		};
/* End XCConfigurationList section */
	};
	rootObject = F51F47092FE1499000760D95 /* Project object */;
}
